
Microsoft Visual Studio Solution File, Format Version 12.00
# Visual Studio Version 16
VisualStudioVersion = 16.0.30523.141
MinimumVisualStudioVersion = 10.0.40219.1
Project("{FAE04EC0-301F-11D3-BF4B-00C04F79EFBC}") = "WinApp1", "WinApp1\WinApp1.csproj", "{2CE5265A-F8F7-4574-A434-163B2CE523DF}"
EndProject
Global
	GlobalSection(SolutionConfigurationPlatforms) = preSolution
		Debug|Any CPU = Debug|Any CPU
		Release|Any CPU = Release|Any CPU
	EndGlobalSection
	GlobalSection(ProjectConfigurationPlatforms) = postSolution
		{2CE5265A-F8F7-4574-A434-163B2CE523DF}.Debug|Any CPU.ActiveCfg = Debug|Any CPU
		{2CE5265A-F8F7-4574-A434-163B2CE523DF}.Debug|Any CPU.Build.0 = Debug|Any CPU
		{2CE5265A-F8F7-4574-A434-163B2CE523DF}.Release|Any CPU.ActiveCfg = Release|Any CPU
		{2CE5265A-F8F7-4574-A434-163B2CE523DF}.Release|Any CPU.Build.0 = Release|Any CPU
	EndGlobalSection
	GlobalSection(SolutionProperties) = preSolution
		HideSolutionNode = FALSE
	EndGlobalSection
	GlobalSection(ExtensibilityGlobals) = postSolution
		SolutionGuid = {2821AA63-8B70-4458-AFB3-84C7C1A082CD}
	EndGlobalSection
EndGlobal
