
Microsoft Visual Studio Solution File, Format Version 12.00
# Visual Studio Version 16
VisualStudioVersion = 16.0.30523.141
MinimumVisualStudioVersion = 10.0.40219.1
Project("{FAE04EC0-301F-11D3-BF4B-00C04F79EFBC}") = "WebApplication3", "WebApplication3\WebApplication3.csproj", "{7F459EB2-D101-46D0-B352-50BF7A33EF51}"
EndProject
Global
	GlobalSection(SolutionConfigurationPlatforms) = preSolution
		Debug|Any CPU = Debug|Any CPU
		Release|Any CPU = Release|Any CPU
	EndGlobalSection
	GlobalSection(ProjectConfigurationPlatforms) = postSolution
		{7F459EB2-D101-46D0-B352-50BF7A33EF51}.Debug|Any CPU.ActiveCfg = Debug|Any CPU
		{7F459EB2-D101-46D0-B352-50BF7A33EF51}.Debug|Any CPU.Build.0 = Debug|Any CPU
		{7F459EB2-D101-46D0-B352-50BF7A33EF51}.Release|Any CPU.ActiveCfg = Release|Any CPU
		{7F459EB2-D101-46D0-B352-50BF7A33EF51}.Release|Any CPU.Build.0 = Release|Any CPU
	EndGlobalSection
	GlobalSection(SolutionProperties) = preSolution
		HideSolutionNode = FALSE
	EndGlobalSection
	GlobalSection(ExtensibilityGlobals) = postSolution
		SolutionGuid = {27CEB7C6-996C-4196-A5BB-5EBDB0EC27B5}
	EndGlobalSection
EndGlobal
