
Microsoft Visual Studio Solution File, Format Version 12.00
# Visual Studio Version 16
VisualStudioVersion = 16.0.30523.141
MinimumVisualStudioVersion = 10.0.40219.1
Project("{FAE04EC0-301F-11D3-BF4B-00C04F79EFBC}") = "WindowsFormsApp2", "WindowsFormsApp2\WindowsFormsApp2.csproj", "{937C03BE-A77C-4CA9-A939-5CFD2CCB0F0B}"
EndProject
Global
	GlobalSection(SolutionConfigurationPlatforms) = preSolution
		Debug|Any CPU = Debug|Any CPU
		Release|Any CPU = Release|Any CPU
	EndGlobalSection
	GlobalSection(ProjectConfigurationPlatforms) = postSolution
		{937C03BE-A77C-4CA9-A939-5CFD2CCB0F0B}.Debug|Any CPU.ActiveCfg = Debug|Any CPU
		{937C03BE-A77C-4CA9-A939-5CFD2CCB0F0B}.Debug|Any CPU.Build.0 = Debug|Any CPU
		{937C03BE-A77C-4CA9-A939-5CFD2CCB0F0B}.Release|Any CPU.ActiveCfg = Release|Any CPU
		{937C03BE-A77C-4CA9-A939-5CFD2CCB0F0B}.Release|Any CPU.Build.0 = Release|Any CPU
	EndGlobalSection
	GlobalSection(SolutionProperties) = preSolution
		HideSolutionNode = FALSE
	EndGlobalSection
	GlobalSection(ExtensibilityGlobals) = postSolution
		SolutionGuid = {FAB1134A-0584-439B-BC68-44359FD7D0BD}
	EndGlobalSection
EndGlobal
